
Microsoft Visual Studio Solution File, Format Version 12.00
# Visual Studio Version 17
VisualStudioVersion = 17.8.34330.188
MinimumVisualStudioVersion = 10.0.40219.1
Project("{FAE04EC0-301F-11D3-BF4B-00C04F79EFBC}") = "MathLibraryDemo", "MathLibraryDemo.csproj", "{588629E1-BD8A-43D1-BFE8-F21C278883D0}"
EndProject
Project("{FAE04EC0-301F-11D3-BF4B-00C04F79EFBC}") = "DemoUniTest", "..\DemoUniTest\DemoUniTest.csproj", "{A249E0B6-3824-4BD0-91D8-743CFD582084}"
EndProject
Project("{FAE04EC0-301F-11D3-BF4B-00C04F79EFBC}") = "ConsoleApp1", "..\ConsoleApp1\ConsoleApp1.csproj", "{65C718BB-E2CC-4959-B16B-182A2BB084A1}"
EndProject
Global
	GlobalSection(SolutionConfigurationPlatforms) = preSolution
		Debug|Any CPU = Debug|Any CPU
		Release|Any CPU = Release|Any CPU
	EndGlobalSection
	GlobalSection(ProjectConfigurationPlatforms) = postSolution
		{588629E1-BD8A-43D1-BFE8-F21C278883D0}.Debug|Any CPU.ActiveCfg = Debug|Any CPU
		{588629E1-BD8A-43D1-BFE8-F21C278883D0}.Debug|Any CPU.Build.0 = Debug|Any CPU
		{588629E1-BD8A-43D1-BFE8-F21C278883D0}.Release|Any CPU.ActiveCfg = Release|Any CPU
		{588629E1-BD8A-43D1-BFE8-F21C278883D0}.Release|Any CPU.Build.0 = Release|Any CPU
		{A249E0B6-3824-4BD0-91D8-743CFD582084}.Debug|Any CPU.ActiveCfg = Debug|Any CPU
		{A249E0B6-3824-4BD0-91D8-743CFD582084}.Debug|Any CPU.Build.0 = Debug|Any CPU
		{A249E0B6-3824-4BD0-91D8-743CFD582084}.Release|Any CPU.ActiveCfg = Release|Any CPU
		{A249E0B6-3824-4BD0-91D8-743CFD582084}.Release|Any CPU.Build.0 = Release|Any CPU
		{65C718BB-E2CC-4959-B16B-182A2BB084A1}.Debug|Any CPU.ActiveCfg = Debug|Any CPU
		{65C718BB-E2CC-4959-B16B-182A2BB084A1}.Debug|Any CPU.Build.0 = Debug|Any CPU
		{65C718BB-E2CC-4959-B16B-182A2BB084A1}.Release|Any CPU.ActiveCfg = Release|Any CPU
		{65C718BB-E2CC-4959-B16B-182A2BB084A1}.Release|Any CPU.Build.0 = Release|Any CPU
	EndGlobalSection
	GlobalSection(SolutionProperties) = preSolution
		HideSolutionNode = FALSE
	EndGlobalSection
	GlobalSection(ExtensibilityGlobals) = postSolution
		SolutionGuid = {81A274D4-5A86-4E60-942F-C1489599C3F9}
	EndGlobalSection
EndGlobal
